
Microsoft Visual Studio Solution File, Format Version 12.00
# Visual Studio Version 16
VisualStudioVersion = 16.0.31019.35
MinimumVisualStudioVersion = 10.0.40219.1
Project("{FAE04EC0-301F-11D3-BF4B-00C04F79EFBC}") = "DogGo", "DogGo\DogGo.csproj", "{7F931C26-A089-4DCA-81B7-9F855F3AFCAB}"
EndProject
Global
	GlobalSection(SolutionConfigurationPlatforms) = preSolution
		Debug|Any CPU = Debug|Any CPU
		Release|Any CPU = Release|Any CPU
	EndGlobalSection
	GlobalSection(ProjectConfigurationPlatforms) = postSolution
		{7F931C26-A089-4DCA-81B7-9F855F3AFCAB}.Debug|Any CPU.ActiveCfg = Debug|Any CPU
		{7F931C26-A089-4DCA-81B7-9F855F3AFCAB}.Debug|Any CPU.Build.0 = Debug|Any CPU
		{7F931C26-A089-4DCA-81B7-9F855F3AFCAB}.Release|Any CPU.ActiveCfg = Release|Any CPU
		{7F931C26-A089-4DCA-81B7-9F855F3AFCAB}.Release|Any CPU.Build.0 = Release|Any CPU
	EndGlobalSection
	GlobalSection(SolutionProperties) = preSolution
		HideSolutionNode = FALSE
	EndGlobalSection
	GlobalSection(ExtensibilityGlobals) = postSolution
		SolutionGuid = {E113CA87-30C1-4FA0-A548-0817174F80AE}
	EndGlobalSection
EndGlobal
